
Microsoft Visual Studio Solution File, Format Version 12.00
# Visual Studio Version 17
VisualStudioVersion = 17.9.34714.143
MinimumVisualStudioVersion = 10.0.40219.1
Project("{FAE04EC0-301F-11D3-BF4B-00C04F79EFBC}") = "COMP003B.Assignment02", "COMP003B.Assignment02\COMP003B.Assignment02.csproj", "{65AB5EE3-5DB1-4BA6-AEF2-8FA6D1462039}"
EndProject
Global
	GlobalSection(SolutionConfigurationPlatforms) = preSolution
		Debug|Any CPU = Debug|Any CPU
		Release|Any CPU = Release|Any CPU
	EndGlobalSection
	GlobalSection(ProjectConfigurationPlatforms) = postSolution
		{65AB5EE3-5DB1-4BA6-AEF2-8FA6D1462039}.Debug|Any CPU.ActiveCfg = Debug|Any CPU
		{65AB5EE3-5DB1-4BA6-AEF2-8FA6D1462039}.Debug|Any CPU.Build.0 = Debug|Any CPU
		{65AB5EE3-5DB1-4BA6-AEF2-8FA6D1462039}.Release|Any CPU.ActiveCfg = Release|Any CPU
		{65AB5EE3-5DB1-4BA6-AEF2-8FA6D1462039}.Release|Any CPU.Build.0 = Release|Any CPU
	EndGlobalSection
	GlobalSection(SolutionProperties) = preSolution
		HideSolutionNode = FALSE
	EndGlobalSection
	GlobalSection(ExtensibilityGlobals) = postSolution
		SolutionGuid = {5E5428E6-ADF5-47B5-8B51-9D18F1DFD6DB}
	EndGlobalSection
EndGlobal
